
Microsoft Visual Studio Solution File, Format Version 12.00
# Visual Studio Version 17
VisualStudioVersion = 17.5.33424.131
MinimumVisualStudioVersion = 10.0.40219.1
Project("{FAE04EC0-301F-11D3-BF4B-00C04F79EFBC}") = "GuiTemplate", "GuiTemplate\GuiTemplate.csproj", "{36BEB9DF-1C66-461F-91D9-0F44F40F7852}"
EndProject
Global
	GlobalSection(SolutionConfigurationPlatforms) = preSolution
		Debug|Any CPU = Debug|Any CPU
		Release|Any CPU = Release|Any CPU
	EndGlobalSection
	GlobalSection(ProjectConfigurationPlatforms) = postSolution
		{36BEB9DF-1C66-461F-91D9-0F44F40F7852}.Debug|Any CPU.ActiveCfg = Debug|Any CPU
		{36BEB9DF-1C66-461F-91D9-0F44F40F7852}.Debug|Any CPU.Build.0 = Debug|Any CPU
		{36BEB9DF-1C66-461F-91D9-0F44F40F7852}.Release|Any CPU.ActiveCfg = Release|Any CPU
		{36BEB9DF-1C66-461F-91D9-0F44F40F7852}.Release|Any CPU.Build.0 = Release|Any CPU
	EndGlobalSection
	GlobalSection(SolutionProperties) = preSolution
		HideSolutionNode = FALSE
	EndGlobalSection
	GlobalSection(ExtensibilityGlobals) = postSolution
		SolutionGuid = {0CB399D4-207D-4525-8277-917019E74A96}
	EndGlobalSection
EndGlobal
